
Microsoft Visual Studio Solution File, Format Version 12.00
#
Project("{FAE04EC0-301F-11D3-BF4B-00C04F79EFBC}") = "WebCrafted.Web", "WebCrafted.Web\WebCrafted.Web.csproj", "{1A1945A8-0D4F-4231-B601-B574FEB1B50B}"
EndProject
Project("{FAE04EC0-301F-11D3-BF4B-00C04F79EFBC}") = "WebCrafted.Data", "WebCrafted.Data\WebCrafted.Data.csproj", "{7449D5A7-BCB9-4428-B2B9-4F7F9FA2ADC7}"
EndProject
Project("{FAE04EC0-301F-11D3-BF4B-00C04F79EFBC}") = "WebCrafted.Services", "WebCrafted.Services\WebCrafted.Services.csproj", "{C6C89C71-56A3-4495-950B-DBD5411B352A}"
EndProject
Project("{FAE04EC0-301F-11D3-BF4B-00C04F79EFBC}") = "WebCrafted.Extensions", "WebCrafted.Extensions\WebCrafted.Extensions.csproj", "{B15D6926-007E-4A8F-9A14-6742331D3085}"
EndProject
Global
	GlobalSection(SolutionConfigurationPlatforms) = preSolution
		Debug|Any CPU = Debug|Any CPU
		Release|Any CPU = Release|Any CPU
	EndGlobalSection
	GlobalSection(ProjectConfigurationPlatforms) = postSolution
		{1A1945A8-0D4F-4231-B601-B574FEB1B50B}.Debug|Any CPU.ActiveCfg = Debug|Any CPU
		{1A1945A8-0D4F-4231-B601-B574FEB1B50B}.Debug|Any CPU.Build.0 = Debug|Any CPU
		{1A1945A8-0D4F-4231-B601-B574FEB1B50B}.Release|Any CPU.ActiveCfg = Release|Any CPU
		{1A1945A8-0D4F-4231-B601-B574FEB1B50B}.Release|Any CPU.Build.0 = Release|Any CPU
		{7449D5A7-BCB9-4428-B2B9-4F7F9FA2ADC7}.Debug|Any CPU.ActiveCfg = Debug|Any CPU
		{7449D5A7-BCB9-4428-B2B9-4F7F9FA2ADC7}.Debug|Any CPU.Build.0 = Debug|Any CPU
		{7449D5A7-BCB9-4428-B2B9-4F7F9FA2ADC7}.Release|Any CPU.ActiveCfg = Release|Any CPU
		{7449D5A7-BCB9-4428-B2B9-4F7F9FA2ADC7}.Release|Any CPU.Build.0 = Release|Any CPU
		{C6C89C71-56A3-4495-950B-DBD5411B352A}.Debug|Any CPU.ActiveCfg = Debug|Any CPU
		{C6C89C71-56A3-4495-950B-DBD5411B352A}.Debug|Any CPU.Build.0 = Debug|Any CPU
		{C6C89C71-56A3-4495-950B-DBD5411B352A}.Release|Any CPU.ActiveCfg = Release|Any CPU
		{C6C89C71-56A3-4495-950B-DBD5411B352A}.Release|Any CPU.Build.0 = Release|Any CPU
		{B15D6926-007E-4A8F-9A14-6742331D3085}.Debug|Any CPU.ActiveCfg = Debug|Any CPU
		{B15D6926-007E-4A8F-9A14-6742331D3085}.Debug|Any CPU.Build.0 = Debug|Any CPU
		{B15D6926-007E-4A8F-9A14-6742331D3085}.Release|Any CPU.ActiveCfg = Release|Any CPU
		{B15D6926-007E-4A8F-9A14-6742331D3085}.Release|Any CPU.Build.0 = Release|Any CPU
	EndGlobalSection
EndGlobal
